
Microsoft Visual Studio Solution File, Format Version 12.00
# Visual Studio Version 17
VisualStudioVersion = 17.4.33103.184
MinimumVisualStudioVersion = 10.0.40219.1
Project("{8BC9CEB8-8B4A-11D0-8D11-00A0C91BC942}") = "MPDC", "MPDC\MPDC.vcxproj", "{49401AE5-CEAE-44A4-AB7C-986A899FDC15}"
EndProject
Project("{8BC9CEB8-8B4A-11D0-8D11-00A0C91BC942}") = "QSC", "..\QSC\QSC\QSC.vcxproj", "{7B7F8E47-0F7C-4273-A229-A7AB2A452EA9}"
EndProject
Project("{8BC9CEB8-8B4A-11D0-8D11-00A0C91BC942}") = "Agent", "Agent\MPDC Agent.vcxproj", "{320F1BD8-C9B1-4C61-800E-2E246FB3B812}"
EndProject
Project("{8BC9CEB8-8B4A-11D0-8D11-00A0C91BC942}") = "Client", "Client\MPDC Client.vcxproj", "{801FEBFC-5748-4331-92ED-79A1C18511D7}"
EndProject
Project("{8BC9CEB8-8B4A-11D0-8D11-00A0C91BC942}") = "DLA", "DLA\DLA.vcxproj", "{069D3462-A56C-4162-B8E1-34EA2B2A7B9E}"
EndProject
Project("{8BC9CEB8-8B4A-11D0-8D11-00A0C91BC942}") = "IDG", "IDG\IDG.vcxproj", "{2D5F8AB8-7841-432B-BCEC-092FB82084CF}"
EndProject
Project("{8BC9CEB8-8B4A-11D0-8D11-00A0C91BC942}") = "RDS", "RDS\MPDC RDS.vcxproj", "{5FEBD4DE-A2AF-4750-B9A6-64CCC0DE3FEC}"
EndProject
Project("{8BC9CEB8-8B4A-11D0-8D11-00A0C91BC942}") = "MAS", "MAS\MAS.vcxproj", "{D865040E-563B-41B6-B699-5FDF070A54B3}"
EndProject
Project("{2150E333-8FDC-42A3-9474-1A3956D46DE8}") = "Solution Items", "Solution Items", "{ACCE9CCF-2B38-43E5-8E7C-DD2FBF044EFC}"
	ProjectSection(SolutionItems) = preProject
		MPDC\QRCS-PL License.txt = MPDC\QRCS-PL License.txt
	EndProjectSection
EndProject
Global
	GlobalSection(SolutionConfigurationPlatforms) = preSolution
		Debug|ARM = Debug|ARM
		Debug|ARM64 = Debug|ARM64
		Debug|x64 = Debug|x64
		Debug|x86 = Debug|x86
		Release|ARM = Release|ARM
		Release|ARM64 = Release|ARM64
		Release|x64 = Release|x64
		Release|x86 = Release|x86
	EndGlobalSection
	GlobalSection(ProjectConfigurationPlatforms) = postSolution
		{49401AE5-CEAE-44A4-AB7C-986A899FDC15}.Debug|ARM.ActiveCfg = Debug|Win32
		{49401AE5-CEAE-44A4-AB7C-986A899FDC15}.Debug|ARM64.ActiveCfg = Debug|Win32
		{49401AE5-CEAE-44A4-AB7C-986A899FDC15}.Debug|x64.ActiveCfg = Debug|x64
		{49401AE5-CEAE-44A4-AB7C-986A899FDC15}.Debug|x64.Build.0 = Debug|x64
		{49401AE5-CEAE-44A4-AB7C-986A899FDC15}.Debug|x86.ActiveCfg = Debug|Win32
		{49401AE5-CEAE-44A4-AB7C-986A899FDC15}.Debug|x86.Build.0 = Debug|Win32
		{49401AE5-CEAE-44A4-AB7C-986A899FDC15}.Release|ARM.ActiveCfg = Release|Win32
		{49401AE5-CEAE-44A4-AB7C-986A899FDC15}.Release|ARM64.ActiveCfg = Release|Win32
		{49401AE5-CEAE-44A4-AB7C-986A899FDC15}.Release|x64.ActiveCfg = Release|x64
		{49401AE5-CEAE-44A4-AB7C-986A899FDC15}.Release|x64.Build.0 = Release|x64
		{49401AE5-CEAE-44A4-AB7C-986A899FDC15}.Release|x86.ActiveCfg = Release|Win32
		{49401AE5-CEAE-44A4-AB7C-986A899FDC15}.Release|x86.Build.0 = Release|Win32
		{7B7F8E47-0F7C-4273-A229-A7AB2A452EA9}.Debug|ARM.ActiveCfg = Debug|ARM
		{7B7F8E47-0F7C-4273-A229-A7AB2A452EA9}.Debug|ARM.Build.0 = Debug|ARM
		{7B7F8E47-0F7C-4273-A229-A7AB2A452EA9}.Debug|ARM64.ActiveCfg = Debug|Win32
		{7B7F8E47-0F7C-4273-A229-A7AB2A452EA9}.Debug|x64.ActiveCfg = Debug|x64
		{7B7F8E47-0F7C-4273-A229-A7AB2A452EA9}.Debug|x64.Build.0 = Debug|x64
		{7B7F8E47-0F7C-4273-A229-A7AB2A452EA9}.Debug|x86.ActiveCfg = Debug|Win32
		{7B7F8E47-0F7C-4273-A229-A7AB2A452EA9}.Debug|x86.Build.0 = Debug|Win32
		{7B7F8E47-0F7C-4273-A229-A7AB2A452EA9}.Release|ARM.ActiveCfg = Release|ARM
		{7B7F8E47-0F7C-4273-A229-A7AB2A452EA9}.Release|ARM.Build.0 = Release|ARM
		{7B7F8E47-0F7C-4273-A229-A7AB2A452EA9}.Release|ARM64.ActiveCfg = Release|Win32
		{7B7F8E47-0F7C-4273-A229-A7AB2A452EA9}.Release|x64.ActiveCfg = Release|x64
		{7B7F8E47-0F7C-4273-A229-A7AB2A452EA9}.Release|x64.Build.0 = Release|x64
		{7B7F8E47-0F7C-4273-A229-A7AB2A452EA9}.Release|x86.ActiveCfg = Release|Win32
		{7B7F8E47-0F7C-4273-A229-A7AB2A452EA9}.Release|x86.Build.0 = Release|Win32
		{320F1BD8-C9B1-4C61-800E-2E246FB3B812}.Debug|ARM.ActiveCfg = Debug|x64
		{320F1BD8-C9B1-4C61-800E-2E246FB3B812}.Debug|ARM.Build.0 = Debug|x64
		{320F1BD8-C9B1-4C61-800E-2E246FB3B812}.Debug|ARM64.ActiveCfg = Debug|x64
		{320F1BD8-C9B1-4C61-800E-2E246FB3B812}.Debug|ARM64.Build.0 = Debug|x64
		{320F1BD8-C9B1-4C61-800E-2E246FB3B812}.Debug|x64.ActiveCfg = Debug|x64
		{320F1BD8-C9B1-4C61-800E-2E246FB3B812}.Debug|x64.Build.0 = Debug|x64
		{320F1BD8-C9B1-4C61-800E-2E246FB3B812}.Debug|x86.ActiveCfg = Debug|Win32
		{320F1BD8-C9B1-4C61-800E-2E246FB3B812}.Debug|x86.Build.0 = Debug|Win32
		{320F1BD8-C9B1-4C61-800E-2E246FB3B812}.Release|ARM.ActiveCfg = Release|x64
		{320F1BD8-C9B1-4C61-800E-2E246FB3B812}.Release|ARM.Build.0 = Release|x64
		{320F1BD8-C9B1-4C61-800E-2E246FB3B812}.Release|ARM64.ActiveCfg = Release|x64
		{320F1BD8-C9B1-4C61-800E-2E246FB3B812}.Release|ARM64.Build.0 = Release|x64
		{320F1BD8-C9B1-4C61-800E-2E246FB3B812}.Release|x64.ActiveCfg = Release|x64
		{320F1BD8-C9B1-4C61-800E-2E246FB3B812}.Release|x64.Build.0 = Release|x64
		{320F1BD8-C9B1-4C61-800E-2E246FB3B812}.Release|x86.ActiveCfg = Release|Win32
		{320F1BD8-C9B1-4C61-800E-2E246FB3B812}.Release|x86.Build.0 = Release|Win32
		{801FEBFC-5748-4331-92ED-79A1C18511D7}.Debug|ARM.ActiveCfg = Debug|x64
		{801FEBFC-5748-4331-92ED-79A1C18511D7}.Debug|ARM.Build.0 = Debug|x64
		{801FEBFC-5748-4331-92ED-79A1C18511D7}.Debug|ARM64.ActiveCfg = Debug|x64
		{801FEBFC-5748-4331-92ED-79A1C18511D7}.Debug|ARM64.Build.0 = Debug|x64
		{801FEBFC-5748-4331-92ED-79A1C18511D7}.Debug|x64.ActiveCfg = Debug|x64
		{801FEBFC-5748-4331-92ED-79A1C18511D7}.Debug|x64.Build.0 = Debug|x64
		{801FEBFC-5748-4331-92ED-79A1C18511D7}.Debug|x86.ActiveCfg = Debug|Win32
		{801FEBFC-5748-4331-92ED-79A1C18511D7}.Debug|x86.Build.0 = Debug|Win32
		{801FEBFC-5748-4331-92ED-79A1C18511D7}.Release|ARM.ActiveCfg = Release|x64
		{801FEBFC-5748-4331-92ED-79A1C18511D7}.Release|ARM.Build.0 = Release|x64
		{801FEBFC-5748-4331-92ED-79A1C18511D7}.Release|ARM64.ActiveCfg = Release|x64
		{801FEBFC-5748-4331-92ED-79A1C18511D7}.Release|ARM64.Build.0 = Release|x64
		{801FEBFC-5748-4331-92ED-79A1C18511D7}.Release|x64.ActiveCfg = Release|x64
		{801FEBFC-5748-4331-92ED-79A1C18511D7}.Release|x64.Build.0 = Release|x64
		{801FEBFC-5748-4331-92ED-79A1C18511D7}.Release|x86.ActiveCfg = Release|Win32
		{801FEBFC-5748-4331-92ED-79A1C18511D7}.Release|x86.Build.0 = Release|Win32
		{069D3462-A56C-4162-B8E1-34EA2B2A7B9E}.Debug|ARM.ActiveCfg = Debug|x64
		{069D3462-A56C-4162-B8E1-34EA2B2A7B9E}.Debug|ARM.Build.0 = Debug|x64
		{069D3462-A56C-4162-B8E1-34EA2B2A7B9E}.Debug|ARM64.ActiveCfg = Debug|x64
		{069D3462-A56C-4162-B8E1-34EA2B2A7B9E}.Debug|ARM64.Build.0 = Debug|x64
		{069D3462-A56C-4162-B8E1-34EA2B2A7B9E}.Debug|x64.ActiveCfg = Debug|x64
		{069D3462-A56C-4162-B8E1-34EA2B2A7B9E}.Debug|x64.Build.0 = Debug|x64
		{069D3462-A56C-4162-B8E1-34EA2B2A7B9E}.Debug|x86.ActiveCfg = Debug|Win32
		{069D3462-A56C-4162-B8E1-34EA2B2A7B9E}.Debug|x86.Build.0 = Debug|Win32
		{069D3462-A56C-4162-B8E1-34EA2B2A7B9E}.Release|ARM.ActiveCfg = Release|x64
		{069D3462-A56C-4162-B8E1-34EA2B2A7B9E}.Release|ARM.Build.0 = Release|x64
		{069D3462-A56C-4162-B8E1-34EA2B2A7B9E}.Release|ARM64.ActiveCfg = Release|x64
		{069D3462-A56C-4162-B8E1-34EA2B2A7B9E}.Release|ARM64.Build.0 = Release|x64
		{069D3462-A56C-4162-B8E1-34EA2B2A7B9E}.Release|x64.ActiveCfg = Release|x64
		{069D3462-A56C-4162-B8E1-34EA2B2A7B9E}.Release|x64.Build.0 = Release|x64
		{069D3462-A56C-4162-B8E1-34EA2B2A7B9E}.Release|x86.ActiveCfg = Release|Win32
		{069D3462-A56C-4162-B8E1-34EA2B2A7B9E}.Release|x86.Build.0 = Release|Win32
		{2D5F8AB8-7841-432B-BCEC-092FB82084CF}.Debug|ARM.ActiveCfg = Debug|x64
		{2D5F8AB8-7841-432B-BCEC-092FB82084CF}.Debug|ARM.Build.0 = Debug|x64
		{2D5F8AB8-7841-432B-BCEC-092FB82084CF}.Debug|ARM64.ActiveCfg = Debug|x64
		{2D5F8AB8-7841-432B-BCEC-092FB82084CF}.Debug|ARM64.Build.0 = Debug|x64
		{2D5F8AB8-7841-432B-BCEC-092FB82084CF}.Debug|x64.ActiveCfg = Debug|x64
		{2D5F8AB8-7841-432B-BCEC-092FB82084CF}.Debug|x64.Build.0 = Debug|x64
		{2D5F8AB8-7841-432B-BCEC-092FB82084CF}.Debug|x86.ActiveCfg = Debug|Win32
		{2D5F8AB8-7841-432B-BCEC-092FB82084CF}.Debug|x86.Build.0 = Debug|Win32
		{2D5F8AB8-7841-432B-BCEC-092FB82084CF}.Release|ARM.ActiveCfg = Release|x64
		{2D5F8AB8-7841-432B-BCEC-092FB82084CF}.Release|ARM.Build.0 = Release|x64
		{2D5F8AB8-7841-432B-BCEC-092FB82084CF}.Release|ARM64.ActiveCfg = Release|x64
		{2D5F8AB8-7841-432B-BCEC-092FB82084CF}.Release|ARM64.Build.0 = Release|x64
		{2D5F8AB8-7841-432B-BCEC-092FB82084CF}.Release|x64.ActiveCfg = Release|x64
		{2D5F8AB8-7841-432B-BCEC-092FB82084CF}.Release|x64.Build.0 = Release|x64
		{2D5F8AB8-7841-432B-BCEC-092FB82084CF}.Release|x86.ActiveCfg = Release|Win32
		{2D5F8AB8-7841-432B-BCEC-092FB82084CF}.Release|x86.Build.0 = Release|Win32
		{5FEBD4DE-A2AF-4750-B9A6-64CCC0DE3FEC}.Debug|ARM.ActiveCfg = Debug|x64
		{5FEBD4DE-A2AF-4750-B9A6-64CCC0DE3FEC}.Debug|ARM.Build.0 = Debug|x64
		{5FEBD4DE-A2AF-4750-B9A6-64CCC0DE3FEC}.Debug|ARM64.ActiveCfg = Debug|x64
		{5FEBD4DE-A2AF-4750-B9A6-64CCC0DE3FEC}.Debug|ARM64.Build.0 = Debug|x64
		{5FEBD4DE-A2AF-4750-B9A6-64CCC0DE3FEC}.Debug|x64.ActiveCfg = Debug|x64
		{5FEBD4DE-A2AF-4750-B9A6-64CCC0DE3FEC}.Debug|x64.Build.0 = Debug|x64
		{5FEBD4DE-A2AF-4750-B9A6-64CCC0DE3FEC}.Debug|x86.ActiveCfg = Debug|Win32
		{5FEBD4DE-A2AF-4750-B9A6-64CCC0DE3FEC}.Debug|x86.Build.0 = Debug|Win32
		{5FEBD4DE-A2AF-4750-B9A6-64CCC0DE3FEC}.Release|ARM.ActiveCfg = Release|x64
		{5FEBD4DE-A2AF-4750-B9A6-64CCC0DE3FEC}.Release|ARM.Build.0 = Release|x64
		{5FEBD4DE-A2AF-4750-B9A6-64CCC0DE3FEC}.Release|ARM64.ActiveCfg = Release|x64
		{5FEBD4DE-A2AF-4750-B9A6-64CCC0DE3FEC}.Release|ARM64.Build.0 = Release|x64
		{5FEBD4DE-A2AF-4750-B9A6-64CCC0DE3FEC}.Release|x64.ActiveCfg = Release|x64
		{5FEBD4DE-A2AF-4750-B9A6-64CCC0DE3FEC}.Release|x64.Build.0 = Release|x64
		{5FEBD4DE-A2AF-4750-B9A6-64CCC0DE3FEC}.Release|x86.ActiveCfg = Release|Win32
		{5FEBD4DE-A2AF-4750-B9A6-64CCC0DE3FEC}.Release|x86.Build.0 = Release|Win32
		{D865040E-563B-41B6-B699-5FDF070A54B3}.Debug|ARM.ActiveCfg = Debug|x64
		{D865040E-563B-41B6-B699-5FDF070A54B3}.Debug|ARM.Build.0 = Debug|x64
		{D865040E-563B-41B6-B699-5FDF070A54B3}.Debug|ARM64.ActiveCfg = Debug|x64
		{D865040E-563B-41B6-B699-5FDF070A54B3}.Debug|ARM64.Build.0 = Debug|x64
		{D865040E-563B-41B6-B699-5FDF070A54B3}.Debug|x64.ActiveCfg = Debug|x64
		{D865040E-563B-41B6-B699-5FDF070A54B3}.Debug|x64.Build.0 = Debug|x64
		{D865040E-563B-41B6-B699-5FDF070A54B3}.Debug|x86.ActiveCfg = Debug|Win32
		{D865040E-563B-41B6-B699-5FDF070A54B3}.Debug|x86.Build.0 = Debug|Win32
		{D865040E-563B-41B6-B699-5FDF070A54B3}.Release|ARM.ActiveCfg = Release|x64
		{D865040E-563B-41B6-B699-5FDF070A54B3}.Release|ARM.Build.0 = Release|x64
		{D865040E-563B-41B6-B699-5FDF070A54B3}.Release|ARM64.ActiveCfg = Release|x64
		{D865040E-563B-41B6-B699-5FDF070A54B3}.Release|ARM64.Build.0 = Release|x64
		{D865040E-563B-41B6-B699-5FDF070A54B3}.Release|x64.ActiveCfg = Release|x64
		{D865040E-563B-41B6-B699-5FDF070A54B3}.Release|x64.Build.0 = Release|x64
		{D865040E-563B-41B6-B699-5FDF070A54B3}.Release|x86.ActiveCfg = Release|Win32
		{D865040E-563B-41B6-B699-5FDF070A54B3}.Release|x86.Build.0 = Release|Win32
	EndGlobalSection
	GlobalSection(SolutionProperties) = preSolution
		HideSolutionNode = FALSE
	EndGlobalSection
	GlobalSection(ExtensibilityGlobals) = postSolution
		SolutionGuid = {0C63DEA2-295B-4326-85C7-58E550ACB6BC}
	EndGlobalSection
EndGlobal
